
Microsoft Visual Studio Solution File, Format Version 12.00
# Visual Studio Version 17
VisualStudioVersion = 17.4.33213.308
MinimumVisualStudioVersion = 10.0.40219.1
Project("{9A19103F-16F7-4668-BE54-9A1E7A4F7556}") = "TtPlayers.Importer", "TtPlayers.Importer.csproj", "{83D13344-2DCC-4432-A1E9-5025469575B3}"
EndProject
Project("{2150E333-8FDC-42A3-9474-1A3956D46DE8}") = "Assets", "Assets", "{8926A6FD-1075-492C-968F-B4DACC8D3C1A}"
	ProjectSection(SolutionItems) = preProject
		..\..\docker-compose.yml = ..\..\docker-compose.yml
	EndProjectSection
EndProject
Global
	GlobalSection(SolutionConfigurationPlatforms) = preSolution
		Debug|Any CPU = Debug|Any CPU
		Release|Any CPU = Release|Any CPU
	EndGlobalSection
	GlobalSection(ProjectConfigurationPlatforms) = postSolution
		{83D13344-2DCC-4432-A1E9-5025469575B3}.Debug|Any CPU.ActiveCfg = Debug|Any CPU
		{83D13344-2DCC-4432-A1E9-5025469575B3}.Debug|Any CPU.Build.0 = Debug|Any CPU
		{83D13344-2DCC-4432-A1E9-5025469575B3}.Release|Any CPU.ActiveCfg = Release|Any CPU
		{83D13344-2DCC-4432-A1E9-5025469575B3}.Release|Any CPU.Build.0 = Release|Any CPU
	EndGlobalSection
	GlobalSection(SolutionProperties) = preSolution
		HideSolutionNode = FALSE
	EndGlobalSection
	GlobalSection(ExtensibilityGlobals) = postSolution
		SolutionGuid = {DBB027AD-7973-498C-A705-E677DA4D3C74}
	EndGlobalSection
EndGlobal
